
Microsoft Visual Studio Solution File, Format Version 12.00
# Visual Studio Version 17
VisualStudioVersion = 17.14.36414.22 d17.14
MinimumVisualStudioVersion = 10.0.40219.1
Project("{FAE04EC0-301F-11D3-BF4B-00C04F79EFBC}") = "wheelzy-challenge", "wheelzy-challenge\wheelzy-challenge.csproj", "{DE671BD8-711C-468C-8A90-607F3D154FE5}"
EndProject
Global
	GlobalSection(SolutionConfigurationPlatforms) = preSolution
		Debug|Any CPU = Debug|Any CPU
		Release|Any CPU = Release|Any CPU
	EndGlobalSection
	GlobalSection(ProjectConfigurationPlatforms) = postSolution
		{DE671BD8-711C-468C-8A90-607F3D154FE5}.Debug|Any CPU.ActiveCfg = Debug|Any CPU
		{DE671BD8-711C-468C-8A90-607F3D154FE5}.Debug|Any CPU.Build.0 = Debug|Any CPU
		{DE671BD8-711C-468C-8A90-607F3D154FE5}.Release|Any CPU.ActiveCfg = Release|Any CPU
		{DE671BD8-711C-468C-8A90-607F3D154FE5}.Release|Any CPU.Build.0 = Release|Any CPU
	EndGlobalSection
	GlobalSection(SolutionProperties) = preSolution
		HideSolutionNode = FALSE
	EndGlobalSection
	GlobalSection(ExtensibilityGlobals) = postSolution
		SolutionGuid = {12CEA4D3-9D84-4DD5-B478-0BD95B93FB05}
	EndGlobalSection
EndGlobal
